<?xml version="1.0" encoding="utf-8"?>
<Project ToolsVersion="4.0" xmlns="http://schemas.microsoft.com/developer/msbuild/2003">
  <ItemGroup>
    <Filter Include="Generated Files">
      <UniqueIdentifier>{71ED8ED8-ACB9-4CE9-BBE1-E00B30144E11}</UniqueIdentifier>
      <Extensions>cpp;c;cxx;moc;h;def;odl;idl;res</Extensions>
    </Filter>
    <Filter Include="Header Files">
      <UniqueIdentifier>{93995380-89BD-4b04-88EB-625FBE52EBFB}</UniqueIdentifier>
      <Extensions>h;hpp;hxx;hm;inl;inc;xsd</Extensions>
    </Filter>
    <Filter Include="Source Files">
      <UniqueIdentifier>{4FC737F1-C7A5-4376-A066-2A32D752A2FF}</UniqueIdentifier>
      <Extensions>cpp;c;cxx;def;odl;idl;hpj;bat;asm;asmx</Extensions>
    </Filter>
    <Filter Include="Generated Files\Debug">
      <UniqueIdentifier>{e816cbcb-8e35-4d97-89ea-048bb14e18bd}</UniqueIdentifier>
      <Extensions>cpp;moc</Extensions>
      <SourceControlFiles>False</SourceControlFiles>
    </Filter>
    <Filter Include="Generated Files\Release">
      <UniqueIdentifier>{6e2fc9a9-ff72-41ee-bc3a-3fe2155518b8}</UniqueIdentifier>
      <Extensions>cpp;moc</Extensions>
      <SourceControlFiles>False</SourceControlFiles>
    </Filter>
  </ItemGroup>
  <ItemGroup>
    <ClCompile Include="json_parser.cc">
      <Filter>Source Files</Filter>
    </ClCompile>
    <ClCompile Include="json_scanner.cpp">
      <Filter>Source Files</Filter>
    </ClCompile>
    <ClCompile Include="parser.cpp">
      <Filter>Source Files</Filter>
    </ClCompile>
    <ClCompile Include="parserrunnable.cpp">
      <Filter>Source Files</Filter>
    </ClCompile>
    <ClCompile Include="qobjecthelper.cpp">
      <Filter>Source Files</Filter>
    </ClCompile>
    <ClCompile Include="serializer.cpp">
      <Filter>Source Files</Filter>
    </ClCompile>
    <ClCompile Include="serializerrunnable.cpp">
      <Filter>Source Files</Filter>
    </ClCompile>
    <ClCompile Include="Debug\moc_parserrunnable.cpp">
      <Filter>Generated Files\Debug</Filter>
    </ClCompile>
    <ClCompile Include="Release\moc_parserrunnable.cpp">
      <Filter>Generated Files\Release</Filter>
    </ClCompile>
    <ClCompile Include="Debug\moc_serializerrunnable.cpp">
      <Filter>Generated Files\Debug</Filter>
    </ClCompile>
    <ClCompile Include="Release\moc_serializerrunnable.cpp">
      <Filter>Generated Files\Release</Filter>
    </ClCompile>
  </ItemGroup>
  <ItemGroup>
    <ClInclude Include="json_parser.hh">
      <Filter>Header Files</Filter>
    </ClInclude>
    <ClInclude Include="json_scanner.h">
      <Filter>Header Files</Filter>
    </ClInclude>
    <ClInclude Include="location.hh">
      <Filter>Header Files</Filter>
    </ClInclude>
    <ClInclude Include="parser.h">
      <Filter>Header Files</Filter>
    </ClInclude>
    <ClInclude Include="parser_p.h">
      <Filter>Header Files</Filter>
    </ClInclude>
    <CustomBuild Include="parserrunnable.h">
      <Filter>Header Files</Filter>
    </CustomBuild>
    <ClInclude Include="position.hh">
      <Filter>Header Files</Filter>
    </ClInclude>
    <ClInclude Include="qjson_debug.h">
      <Filter>Header Files</Filter>
    </ClInclude>
    <ClInclude Include="qjson_export.h">
      <Filter>Header Files</Filter>
    </ClInclude>
    <ClInclude Include="qobjecthelper.h">
      <Filter>Header Files</Filter>
    </ClInclude>
    <ClInclude Include="serializer.h">
      <Filter>Header Files</Filter>
    </ClInclude>
    <CustomBuild Include="serializerrunnable.h">
      <Filter>Header Files</Filter>
    </CustomBuild>
    <ClInclude Include="stack.hh">
      <Filter>Header Files</Filter>
    </ClInclude>
  </ItemGroup>
</Project>