Microsoft Visual Studio Solution File, Format Version 11.00
# Visual Studio 2010
Project("{8BC9CEB8-8B4A-11D0-8D11-00A0C91BC942}") = "wm-yandex-plugin", "D:/SRC/WebMounter/src/wm-plugins/yaf\wm-yandex-plugin.vcxproj", "{7BA1E7C5-CB75-370D-855F-9CBFB9047366}"
EndProject
Project("{8BC9CEB8-8B4A-11D0-8D11-00A0C91BC942}") = "wm-vk-plugin", "D:/SRC/WebMounter/src/wm-plugins/vk\wm-vk-plugin.vcxproj", "{BB89269C-D5F9-3C6C-8E58-8F3C9A743E21}"
EndProject
Project("{8BC9CEB8-8B4A-11D0-8D11-00A0C91BC942}") = "wm-ya-narod-plugin", "D:/SRC/WebMounter/src/wm-plugins/ya-narod\wm-ya-narod-plugin.vcxproj", "{69D44738-E2F0-3AC6-85EB-0C305325E142}"
EndProject
Project("{8BC9CEB8-8B4A-11D0-8D11-00A0C91BC942}") = "wm-ya-disk-plugin", "D:/SRC/WebMounter/src/wm-plugins/ya-disk\wm-ya-disk-plugin.vcxproj", "{844D788B-EDA0-3F80-8EA7-CE77F983FC3D}"
EndProject
Global
	GlobalSection(SolutionConfiguration) = preSolution
		ConfigName.0 = Debug|Win32
		ConfigName.1 = Release|Win32
	EndGlobalSection
	GlobalSection(ProjectDependencies) = postSolution
	EndGlobalSection
	GlobalSection(ProjectConfiguration) = postSolution
		{7BA1E7C5-CB75-370D-855F-9CBFB9047366}.Debug|Win32.ActiveCfg = Debug|Win32
		{7BA1E7C5-CB75-370D-855F-9CBFB9047366}.Debug|Win32.Build.0 = Debug|Win32
		{7BA1E7C5-CB75-370D-855F-9CBFB9047366}.Release|Win32.ActiveCfg = Release|Win32
		{7BA1E7C5-CB75-370D-855F-9CBFB9047366}.Release|Win32.Build.0 = Release|Win32
		{BB89269C-D5F9-3C6C-8E58-8F3C9A743E21}.Debug|Win32.ActiveCfg = Debug|Win32
		{BB89269C-D5F9-3C6C-8E58-8F3C9A743E21}.Debug|Win32.Build.0 = Debug|Win32
		{BB89269C-D5F9-3C6C-8E58-8F3C9A743E21}.Release|Win32.ActiveCfg = Release|Win32
		{BB89269C-D5F9-3C6C-8E58-8F3C9A743E21}.Release|Win32.Build.0 = Release|Win32
		{69D44738-E2F0-3AC6-85EB-0C305325E142}.Debug|Win32.ActiveCfg = Debug|Win32
		{69D44738-E2F0-3AC6-85EB-0C305325E142}.Debug|Win32.Build.0 = Debug|Win32
		{69D44738-E2F0-3AC6-85EB-0C305325E142}.Release|Win32.ActiveCfg = Release|Win32
		{69D44738-E2F0-3AC6-85EB-0C305325E142}.Release|Win32.Build.0 = Release|Win32
		{844D788B-EDA0-3F80-8EA7-CE77F983FC3D}.Debug|Win32.ActiveCfg = Debug|Win32
		{844D788B-EDA0-3F80-8EA7-CE77F983FC3D}.Debug|Win32.Build.0 = Debug|Win32
		{844D788B-EDA0-3F80-8EA7-CE77F983FC3D}.Release|Win32.ActiveCfg = Release|Win32
		{844D788B-EDA0-3F80-8EA7-CE77F983FC3D}.Release|Win32.Build.0 = Release|Win32
	EndGlobalSection
	GlobalSection(ExtensibilityGlobals) = postSolution
	EndGlobalSection
	GlobalSection(ExtensibilityAddIns) = postSolution
	EndGlobalSection
EndGlobal