<?xml version="1.0" encoding="utf-8"?>
<Project ToolsVersion="4.0" xmlns="http://schemas.microsoft.com/developer/msbuild/2003">
  <ItemGroup>
    <Filter Include="Generated Files">
      <UniqueIdentifier>{71ED8ED8-ACB9-4CE9-BBE1-E00B30144E11}</UniqueIdentifier>
      <Extensions>cpp;c;cxx;moc;h;def;odl;idl;res;</Extensions>
    </Filter>
    <Filter Include="Generated Files">
      <UniqueIdentifier>{71ED8ED8-ACB9-4CE9-BBE1-E00B30144E11}</UniqueIdentifier>
      <Extensions>cpp;c;cxx;moc;h;def;odl;idl;res;</Extensions>
    </Filter>
    <Filter Include="Header Files">
      <UniqueIdentifier>{93995380-89BD-4b04-88EB-625FBE52EBFB}</UniqueIdentifier>
      <Extensions>h;hpp;hxx;hm;inl;inc;xsd</Extensions>
    </Filter>
    <Filter Include="Header Files">
      <UniqueIdentifier>{93995380-89BD-4b04-88EB-625FBE52EBFB}</UniqueIdentifier>
      <Extensions>h;hpp;hxx;hm;inl;inc;xsd</Extensions>
    </Filter>
    <Filter Include="Source Files">
      <UniqueIdentifier>{4FC737F1-C7A5-4376-A066-2A32D752A2FF}</UniqueIdentifier>
      <Extensions>cpp;c;cxx;def;odl;idl;hpj;bat;asm;asmx</Extensions>
    </Filter>
    <Filter Include="Source Files">
      <UniqueIdentifier>{4FC737F1-C7A5-4376-A066-2A32D752A2FF}</UniqueIdentifier>
      <Extensions>cpp;c;cxx;def;odl;idl;hpj;bat;asm;asmx</Extensions>
    </Filter>
    <Filter Include="Translation Files">
      <UniqueIdentifier>{639EADAA-A684-42e4-A9AD-28FC9BCB8F7C}</UniqueIdentifier>
      <Extensions>ts;xlf</Extensions>
      <ParseFiles>false</ParseFiles>
    </Filter>
    <Filter Include="Translation Files">
      <UniqueIdentifier>{639EADAA-A684-42e4-A9AD-28FC9BCB8F7C}</UniqueIdentifier>
      <Extensions>ts;xlf</Extensions>
      <ParseFiles>false</ParseFiles>
    </Filter>
    <Filter Include="Generated Files\Debug">
      <UniqueIdentifier>{fae42c53-e2ca-429f-916a-eea153f159c0}</UniqueIdentifier>
      <Extensions>cpp;moc</Extensions>
      <SourceControlFiles>False</SourceControlFiles>
    </Filter>
    <Filter Include="Generated Files\Release">
      <UniqueIdentifier>{c56700b7-9dc7-40b9-b78a-b731f9206dcb}</UniqueIdentifier>
      <Extensions>cpp;moc</Extensions>
      <SourceControlFiles>False</SourceControlFiles>
    </Filter>
  </ItemGroup>
  <ItemGroup>
    <ClCompile Include="data.cpp">
      <Filter>Source Files</Filter>
    </ClCompile>
    <ClCompile Include="file_proxy.cpp">
      <Filter>Source Files</Filter>
    </ClCompile>
    <ClCompile Include="lvfs_driver.cpp">
      <Filter>Source Files</Filter>
    </ClCompile>
    <ClCompile Include="reg_exp.cpp">
      <Filter>Source Files</Filter>
    </ClCompile>
    <ClCompile Include="rvfs_driver.cpp">
      <Filter>Source Files</Filter>
    </ClCompile>
    <ClCompile Include="vfs_cache.cpp">
      <Filter>Source Files</Filter>
    </ClCompile>
    <ClCompile Include="vfs_element.cpp">
      <Filter>Source Files</Filter>
    </ClCompile>
    <ClCompile Include="webmounter.cpp">
      <Filter>Source Files</Filter>
    </ClCompile>
    <ClCompile Include="win_lvfs_driver.cpp">
      <Filter>Source Files</Filter>
    </ClCompile>
    <ClCompile Include="Debug\moc_lvfs_driver.cpp">
      <Filter>Generated Files\Debug</Filter>
    </ClCompile>
    <ClCompile Include="Release\moc_lvfs_driver.cpp">
      <Filter>Generated Files\Release</Filter>
    </ClCompile>
    <ClCompile Include="Debug\moc_rvfs_driver.cpp">
      <Filter>Generated Files\Debug</Filter>
    </ClCompile>
    <ClCompile Include="Release\moc_rvfs_driver.cpp">
      <Filter>Generated Files\Release</Filter>
    </ClCompile>
    <ClCompile Include="Debug\moc_win_lvfs_driver.cpp">
      <Filter>Generated Files\Debug</Filter>
    </ClCompile>
    <ClCompile Include="Release\moc_win_lvfs_driver.cpp">
      <Filter>Generated Files\Release</Filter>
    </ClCompile>
    <ClCompile Include="Debug\moc_webmounter.cpp">
      <Filter>Generated Files\Debug</Filter>
    </ClCompile>
    <ClCompile Include="Release\moc_webmounter.cpp">
      <Filter>Generated Files\Release</Filter>
    </ClCompile>
  </ItemGroup>
  <ItemGroup>
    <ClInclude Include="common_stuff.h">
      <Filter>Header Files</Filter>
    </ClInclude>
    <ClInclude Include="data.h">
      <Filter>Header Files</Filter>
    </ClInclude>
    <ClInclude Include="file_proxy.h">
      <Filter>Header Files</Filter>
    </ClInclude>
    <CustomBuild Include="lvfs_driver.h">
      <Filter>Header Files</Filter>
    </CustomBuild>
    <ClInclude Include="notification_device.h">
      <Filter>Header Files</Filter>
    </ClInclude>
    <ClInclude Include="plugin_interface.h">
      <Filter>Header Files</Filter>
    </ClInclude>
    <ClInclude Include="reg_exp.h">
      <Filter>Header Files</Filter>
    </ClInclude>
    <CustomBuild Include="rvfs_driver.h">
      <Filter>Header Files</Filter>
    </CustomBuild>
    <ClInclude Include="vfs_cache.h">
      <Filter>Header Files</Filter>
    </ClInclude>
    <ClInclude Include="vfs_element.h">
      <Filter>Header Files</Filter>
    </ClInclude>
    <CustomBuild Include="win_lvfs_driver.h">
      <Filter>Header Files</Filter>
    </CustomBuild>
  </ItemGroup>
  <ItemGroup>
    <None Include="lang\wmbase_en.ts">
      <Filter>Translation Files</Filter>
    </None>
    <None Include="lang\wmbase_ru.ts">
      <Filter>Translation Files</Filter>
    </None>
  </ItemGroup>
  <ItemGroup>
    <CustomBuild Include="webmounter.h">
      <Filter>Header Files</Filter>
    </CustomBuild>
    <CustomBuild Include="IGui.h">
      <Filter>Header Files</Filter>
    </CustomBuild>
  </ItemGroup>
</Project>