Microsoft Visual Studio Solution File, Format Version 11.00
# Visual Studio 2010
Project("{8BC9CEB8-8B4A-11D0-8D11-00A0C91BC942}") = "wmbase", "D:/SRC/WebMounter/src/wm-base\wmbase.vcxproj", "{B527A2A4-35ED-3929-8AFD-6B181D88250C}"
EndProject
Project("{8BC9CEB8-8B4A-11D0-8D11-00A0C91BC942}") = "wmui", "D:/SRC/WebMounter/src/wm-ui\wmui.vcxproj", "{F08DF567-F4CA-3E19-8640-5CDE46C8076A}"
EndProject
Project("{8BC9CEB8-8B4A-11D0-8D11-00A0C91BC942}") = "webmounter", "D:/SRC/WebMounter/src/wm-app\webmounter.vcxproj", "{E01CB296-EB16-3316-B2B3-D8FB05673549}"
EndProject
Project("{8BC9CEB8-8B4A-11D0-8D11-00A0C91BC942}") = "wm-yandex-plugin", "D:/SRC/WebMounter/src/wm-plugins/yaf\wm-yandex-plugin.vcxproj", "{7BA1E7C5-CB75-370D-855F-9CBFB9047366}"
EndProject
Project("{8BC9CEB8-8B4A-11D0-8D11-00A0C91BC942}") = "wm-vk-plugin", "D:/SRC/WebMounter/src/wm-plugins/vk\wm-vk-plugin.vcxproj", "{BB89269C-D5F9-3C6C-8E58-8F3C9A743E21}"
EndProject
Project("{8BC9CEB8-8B4A-11D0-8D11-00A0C91BC942}") = "wm-ya-narod-plugin", "D:/SRC/WebMounter/src/wm-plugins/ya-narod\wm-ya-narod-plugin.vcxproj", "{69D44738-E2F0-3AC6-85EB-0C305325E142}"
EndProject
Project("{8BC9CEB8-8B4A-11D0-8D11-00A0C91BC942}") = "wm-ya-disk-plugin", "D:/SRC/WebMounter/src/wm-plugins/ya-disk\wm-ya-disk-plugin.vcxproj", "{844D788B-EDA0-3F80-8EA7-CE77F983FC3D}"
EndProject
Global
	GlobalSection(SolutionConfiguration) = preSolution
		ConfigName.0 = Debug|Win32
		ConfigName.1 = Release|Win32
	EndGlobalSection
	GlobalSection(ProjectDependencies) = postSolution
		{F08DF567-F4CA-3E19-8640-5CDE46C8076A}.0 = {B527A2A4-35ED-3929-8AFD-6B181D88250C}
		{E01CB296-EB16-3316-B2B3-D8FB05673549}.0 = {B527A2A4-35ED-3929-8AFD-6B181D88250C}
		{E01CB296-EB16-3316-B2B3-D8FB05673549}.1 = {F08DF567-F4CA-3E19-8640-5CDE46C8076A}
		{7BA1E7C5-CB75-370D-855F-9CBFB9047366}.0 = {B527A2A4-35ED-3929-8AFD-6B181D88250C}
		{7BA1E7C5-CB75-370D-855F-9CBFB9047366}.1 = {F08DF567-F4CA-3E19-8640-5CDE46C8076A}
		{BB89269C-D5F9-3C6C-8E58-8F3C9A743E21}.0 = {B527A2A4-35ED-3929-8AFD-6B181D88250C}
		{BB89269C-D5F9-3C6C-8E58-8F3C9A743E21}.1 = {F08DF567-F4CA-3E19-8640-5CDE46C8076A}
		{69D44738-E2F0-3AC6-85EB-0C305325E142}.0 = {B527A2A4-35ED-3929-8AFD-6B181D88250C}
		{69D44738-E2F0-3AC6-85EB-0C305325E142}.1 = {F08DF567-F4CA-3E19-8640-5CDE46C8076A}
		{844D788B-EDA0-3F80-8EA7-CE77F983FC3D}.0 = {B527A2A4-35ED-3929-8AFD-6B181D88250C}
		{844D788B-EDA0-3F80-8EA7-CE77F983FC3D}.1 = {F08DF567-F4CA-3E19-8640-5CDE46C8076A}
	EndGlobalSection
	GlobalSection(ProjectConfiguration) = postSolution
		{B527A2A4-35ED-3929-8AFD-6B181D88250C}.Debug|Win32.ActiveCfg = Debug|Win32
		{B527A2A4-35ED-3929-8AFD-6B181D88250C}.Debug|Win32.Build.0 = Debug|Win32
		{B527A2A4-35ED-3929-8AFD-6B181D88250C}.Release|Win32.ActiveCfg = Release|Win32
		{B527A2A4-35ED-3929-8AFD-6B181D88250C}.Release|Win32.Build.0 = Release|Win32
		{F08DF567-F4CA-3E19-8640-5CDE46C8076A}.Debug|Win32.ActiveCfg = Debug|Win32
		{F08DF567-F4CA-3E19-8640-5CDE46C8076A}.Debug|Win32.Build.0 = Debug|Win32
		{F08DF567-F4CA-3E19-8640-5CDE46C8076A}.Release|Win32.ActiveCfg = Release|Win32
		{F08DF567-F4CA-3E19-8640-5CDE46C8076A}.Release|Win32.Build.0 = Release|Win32
		{E01CB296-EB16-3316-B2B3-D8FB05673549}.Debug|Win32.ActiveCfg = Debug|Win32
		{E01CB296-EB16-3316-B2B3-D8FB05673549}.Debug|Win32.Build.0 = Debug|Win32
		{E01CB296-EB16-3316-B2B3-D8FB05673549}.Release|Win32.ActiveCfg = Release|Win32
		{E01CB296-EB16-3316-B2B3-D8FB05673549}.Release|Win32.Build.0 = Release|Win32
		{7BA1E7C5-CB75-370D-855F-9CBFB9047366}.Debug|Win32.ActiveCfg = Debug|Win32
		{7BA1E7C5-CB75-370D-855F-9CBFB9047366}.Debug|Win32.Build.0 = Debug|Win32
		{7BA1E7C5-CB75-370D-855F-9CBFB9047366}.Release|Win32.ActiveCfg = Release|Win32
		{7BA1E7C5-CB75-370D-855F-9CBFB9047366}.Release|Win32.Build.0 = Release|Win32
		{BB89269C-D5F9-3C6C-8E58-8F3C9A743E21}.Debug|Win32.ActiveCfg = Debug|Win32
		{BB89269C-D5F9-3C6C-8E58-8F3C9A743E21}.Debug|Win32.Build.0 = Debug|Win32
		{BB89269C-D5F9-3C6C-8E58-8F3C9A743E21}.Release|Win32.ActiveCfg = Release|Win32
		{BB89269C-D5F9-3C6C-8E58-8F3C9A743E21}.Release|Win32.Build.0 = Release|Win32
		{69D44738-E2F0-3AC6-85EB-0C305325E142}.Debug|Win32.ActiveCfg = Debug|Win32
		{69D44738-E2F0-3AC6-85EB-0C305325E142}.Debug|Win32.Build.0 = Debug|Win32
		{69D44738-E2F0-3AC6-85EB-0C305325E142}.Release|Win32.ActiveCfg = Release|Win32
		{69D44738-E2F0-3AC6-85EB-0C305325E142}.Release|Win32.Build.0 = Release|Win32
		{844D788B-EDA0-3F80-8EA7-CE77F983FC3D}.Debug|Win32.ActiveCfg = Debug|Win32
		{844D788B-EDA0-3F80-8EA7-CE77F983FC3D}.Debug|Win32.Build.0 = Debug|Win32
		{844D788B-EDA0-3F80-8EA7-CE77F983FC3D}.Release|Win32.ActiveCfg = Release|Win32
		{844D788B-EDA0-3F80-8EA7-CE77F983FC3D}.Release|Win32.Build.0 = Release|Win32
	EndGlobalSection
	GlobalSection(ExtensibilityGlobals) = postSolution
	EndGlobalSection
	GlobalSection(ExtensibilityAddIns) = postSolution
	EndGlobalSection
EndGlobal